
Microsoft Visual Studio Solution File, Format Version 12.00
# Visual Studio Version 16
VisualStudioVersion = 16.0.29020.237
MinimumVisualStudioVersion = 10.0.40219.1
Project("{8BC9CEB8-8B4A-11D0-8D11-00A0C91BC942}") = "점프사방", "점프사방\점프사방.vcxproj", "{B8646C48-FE72-44C7-88CC-6A27D6F4319B}"
EndProject
Global
	GlobalSection(SolutionConfigurationPlatforms) = preSolution
		Debug|x64 = Debug|x64
		Debug|x86 = Debug|x86
		Release|x64 = Release|x64
		Release|x86 = Release|x86
	EndGlobalSection
	GlobalSection(ProjectConfigurationPlatforms) = postSolution
		{B8646C48-FE72-44C7-88CC-6A27D6F4319B}.Debug|x64.ActiveCfg = Debug|x64
		{B8646C48-FE72-44C7-88CC-6A27D6F4319B}.Debug|x64.Build.0 = Debug|x64
		{B8646C48-FE72-44C7-88CC-6A27D6F4319B}.Debug|x86.ActiveCfg = Debug|Win32
		{B8646C48-FE72-44C7-88CC-6A27D6F4319B}.Debug|x86.Build.0 = Debug|Win32
		{B8646C48-FE72-44C7-88CC-6A27D6F4319B}.Release|x64.ActiveCfg = Release|x64
		{B8646C48-FE72-44C7-88CC-6A27D6F4319B}.Release|x64.Build.0 = Release|x64
		{B8646C48-FE72-44C7-88CC-6A27D6F4319B}.Release|x86.ActiveCfg = Release|Win32
		{B8646C48-FE72-44C7-88CC-6A27D6F4319B}.Release|x86.Build.0 = Release|Win32
	EndGlobalSection
	GlobalSection(SolutionProperties) = preSolution
		HideSolutionNode = FALSE
	EndGlobalSection
	GlobalSection(ExtensibilityGlobals) = postSolution
		SolutionGuid = {8B6A1611-156E-480F-ACBA-F65A4C0200FF}
	EndGlobalSection
EndGlobal
