
Microsoft Visual Studio Solution File, Format Version 12.00
# Visual Studio Version 16
VisualStudioVersion = 16.0.29020.237
MinimumVisualStudioVersion = 10.0.40219.1
Project("{8BC9CEB8-8B4A-11D0-8D11-00A0C91BC942}") = "SW_Expert_Academy_회문1", "SW_Expert_Academy_회문1\SW_Expert_Academy_회문1.vcxproj", "{BFEA66B3-4BCE-4980-99F1-CF021D452ABA}"
EndProject
Global
	GlobalSection(SolutionConfigurationPlatforms) = preSolution
		Debug|x64 = Debug|x64
		Debug|x86 = Debug|x86
		Release|x64 = Release|x64
		Release|x86 = Release|x86
	EndGlobalSection
	GlobalSection(ProjectConfigurationPlatforms) = postSolution
		{BFEA66B3-4BCE-4980-99F1-CF021D452ABA}.Debug|x64.ActiveCfg = Debug|x64
		{BFEA66B3-4BCE-4980-99F1-CF021D452ABA}.Debug|x64.Build.0 = Debug|x64
		{BFEA66B3-4BCE-4980-99F1-CF021D452ABA}.Debug|x86.ActiveCfg = Debug|Win32
		{BFEA66B3-4BCE-4980-99F1-CF021D452ABA}.Debug|x86.Build.0 = Debug|Win32
		{BFEA66B3-4BCE-4980-99F1-CF021D452ABA}.Release|x64.ActiveCfg = Release|x64
		{BFEA66B3-4BCE-4980-99F1-CF021D452ABA}.Release|x64.Build.0 = Release|x64
		{BFEA66B3-4BCE-4980-99F1-CF021D452ABA}.Release|x86.ActiveCfg = Release|Win32
		{BFEA66B3-4BCE-4980-99F1-CF021D452ABA}.Release|x86.Build.0 = Release|Win32
	EndGlobalSection
	GlobalSection(SolutionProperties) = preSolution
		HideSolutionNode = FALSE
	EndGlobalSection
	GlobalSection(ExtensibilityGlobals) = postSolution
		SolutionGuid = {CECD8BD6-24A4-40B7-9BE5-0A9B51D4B553}
	EndGlobalSection
EndGlobal
