
Microsoft Visual Studio Solution File, Format Version 12.00
# Visual Studio Version 16
VisualStudioVersion = 16.0.29020.237
MinimumVisualStudioVersion = 10.0.40219.1
Project("{8BC9CEB8-8B4A-11D0-8D11-00A0C91BC942}") = "Programmers_N으로 표현", "Programmers_N으로 표현\Programmers_N으로 표현.vcxproj", "{845DFC10-0E62-4F1F-99EF-E820C04FACB4}"
EndProject
Global
	GlobalSection(SolutionConfigurationPlatforms) = preSolution
		Debug|x64 = Debug|x64
		Debug|x86 = Debug|x86
		Release|x64 = Release|x64
		Release|x86 = Release|x86
	EndGlobalSection
	GlobalSection(ProjectConfigurationPlatforms) = postSolution
		{845DFC10-0E62-4F1F-99EF-E820C04FACB4}.Debug|x64.ActiveCfg = Debug|x64
		{845DFC10-0E62-4F1F-99EF-E820C04FACB4}.Debug|x64.Build.0 = Debug|x64
		{845DFC10-0E62-4F1F-99EF-E820C04FACB4}.Debug|x86.ActiveCfg = Debug|Win32
		{845DFC10-0E62-4F1F-99EF-E820C04FACB4}.Debug|x86.Build.0 = Debug|Win32
		{845DFC10-0E62-4F1F-99EF-E820C04FACB4}.Release|x64.ActiveCfg = Release|x64
		{845DFC10-0E62-4F1F-99EF-E820C04FACB4}.Release|x64.Build.0 = Release|x64
		{845DFC10-0E62-4F1F-99EF-E820C04FACB4}.Release|x86.ActiveCfg = Release|Win32
		{845DFC10-0E62-4F1F-99EF-E820C04FACB4}.Release|x86.Build.0 = Release|Win32
	EndGlobalSection
	GlobalSection(SolutionProperties) = preSolution
		HideSolutionNode = FALSE
	EndGlobalSection
	GlobalSection(ExtensibilityGlobals) = postSolution
		SolutionGuid = {D0B18B10-DCDB-495C-9B5F-4C2D829FB1D1}
	EndGlobalSection
EndGlobal
