
Microsoft Visual Studio Solution File, Format Version 12.00
# Visual Studio Version 16
VisualStudioVersion = 16.0.29020.237
MinimumVisualStudioVersion = 10.0.40219.1
Project("{8BC9CEB8-8B4A-11D0-8D11-00A0C91BC942}") = "Sort의 세 번째 인자 compare연습", "Sort의 세 번째 인자 compare연습\Sort의 세 번째 인자 compare연습.vcxproj", "{A943A45B-ADD7-4428-AF24-7DB444BBD5DB}"
EndProject
Global
	GlobalSection(SolutionConfigurationPlatforms) = preSolution
		Debug|x64 = Debug|x64
		Debug|x86 = Debug|x86
		Release|x64 = Release|x64
		Release|x86 = Release|x86
	EndGlobalSection
	GlobalSection(ProjectConfigurationPlatforms) = postSolution
		{A943A45B-ADD7-4428-AF24-7DB444BBD5DB}.Debug|x64.ActiveCfg = Debug|x64
		{A943A45B-ADD7-4428-AF24-7DB444BBD5DB}.Debug|x64.Build.0 = Debug|x64
		{A943A45B-ADD7-4428-AF24-7DB444BBD5DB}.Debug|x86.ActiveCfg = Debug|Win32
		{A943A45B-ADD7-4428-AF24-7DB444BBD5DB}.Debug|x86.Build.0 = Debug|Win32
		{A943A45B-ADD7-4428-AF24-7DB444BBD5DB}.Release|x64.ActiveCfg = Release|x64
		{A943A45B-ADD7-4428-AF24-7DB444BBD5DB}.Release|x64.Build.0 = Release|x64
		{A943A45B-ADD7-4428-AF24-7DB444BBD5DB}.Release|x86.ActiveCfg = Release|Win32
		{A943A45B-ADD7-4428-AF24-7DB444BBD5DB}.Release|x86.Build.0 = Release|Win32
	EndGlobalSection
	GlobalSection(SolutionProperties) = preSolution
		HideSolutionNode = FALSE
	EndGlobalSection
	GlobalSection(ExtensibilityGlobals) = postSolution
		SolutionGuid = {7EEBE06E-9EB5-48E5-898F-A5047946F36D}
	EndGlobalSection
EndGlobal
