
Microsoft Visual Studio Solution File, Format Version 12.00
# Visual Studio Version 16
VisualStudioVersion = 16.0.29020.237
MinimumVisualStudioVersion = 10.0.40219.1
Project("{8BC9CEB8-8B4A-11D0-8D11-00A0C91BC942}") = "SW_Expert_Academy_신문헤드라인", "SW_Expert_Academy_신문헤드라인\SW_Expert_Academy_신문헤드라인.vcxproj", "{843ADB0E-033C-4760-909B-61ECE0E05042}"
EndProject
Global
	GlobalSection(SolutionConfigurationPlatforms) = preSolution
		Debug|x64 = Debug|x64
		Debug|x86 = Debug|x86
		Release|x64 = Release|x64
		Release|x86 = Release|x86
	EndGlobalSection
	GlobalSection(ProjectConfigurationPlatforms) = postSolution
		{843ADB0E-033C-4760-909B-61ECE0E05042}.Debug|x64.ActiveCfg = Debug|x64
		{843ADB0E-033C-4760-909B-61ECE0E05042}.Debug|x64.Build.0 = Debug|x64
		{843ADB0E-033C-4760-909B-61ECE0E05042}.Debug|x86.ActiveCfg = Debug|Win32
		{843ADB0E-033C-4760-909B-61ECE0E05042}.Debug|x86.Build.0 = Debug|Win32
		{843ADB0E-033C-4760-909B-61ECE0E05042}.Release|x64.ActiveCfg = Release|x64
		{843ADB0E-033C-4760-909B-61ECE0E05042}.Release|x64.Build.0 = Release|x64
		{843ADB0E-033C-4760-909B-61ECE0E05042}.Release|x86.ActiveCfg = Release|Win32
		{843ADB0E-033C-4760-909B-61ECE0E05042}.Release|x86.Build.0 = Release|Win32
	EndGlobalSection
	GlobalSection(SolutionProperties) = preSolution
		HideSolutionNode = FALSE
	EndGlobalSection
	GlobalSection(ExtensibilityGlobals) = postSolution
		SolutionGuid = {5427679B-CB80-4AE7-9083-D9C1439B138B}
	EndGlobalSection
EndGlobal
